
Microsoft Visual Studio Solution File, Format Version 12.00
# Visual Studio 2012
Project("{FAE04EC0-301F-11D3-BF4B-00C04F79EFBC}") = "SpecflowKata", "SpecflowKata\SpecflowKata.csproj", "{47B3B0EF-85CA-47B1-AA18-FC4FCABD4CE5}"
EndProject
Project("{2150E333-8FDC-42A3-9474-1A3956D46DE8}") = ".nuget", ".nuget", "{C829EBE7-8075-494C-9B95-7E2B11466925}"
	ProjectSection(SolutionItems) = preProject
		.nuget\packages.config = .nuget\packages.config
	EndProjectSection
EndProject
Global
	GlobalSection(SolutionConfigurationPlatforms) = preSolution
		Debug|Any CPU = Debug|Any CPU
		Release|Any CPU = Release|Any CPU
	EndGlobalSection
	GlobalSection(ProjectConfigurationPlatforms) = postSolution
		{47B3B0EF-85CA-47B1-AA18-FC4FCABD4CE5}.Debug|Any CPU.ActiveCfg = Debug|Any CPU
		{47B3B0EF-85CA-47B1-AA18-FC4FCABD4CE5}.Debug|Any CPU.Build.0 = Debug|Any CPU
		{47B3B0EF-85CA-47B1-AA18-FC4FCABD4CE5}.Release|Any CPU.ActiveCfg = Release|Any CPU
		{47B3B0EF-85CA-47B1-AA18-FC4FCABD4CE5}.Release|Any CPU.Build.0 = Release|Any CPU
	EndGlobalSection
	GlobalSection(SolutionProperties) = preSolution
		HideSolutionNode = FALSE
	EndGlobalSection
EndGlobal
